
Microsoft Visual Studio Solution File, Format Version 12.00
# Visual Studio Version 16
VisualStudioVersion = 16.0.29609.76
MinimumVisualStudioVersion = 10.0.40219.1
Project("{FAE04EC0-301F-11D3-BF4B-00C04F79EFBC}") = "TaskForCSh", "TaskForCSh.csproj", "{8F09EBE5-4A45-4A69-854B-86950219C6C5}"
EndProject
Global
	GlobalSection(SolutionConfigurationPlatforms) = preSolution
		Debug|Any CPU = Debug|Any CPU
		Release|Any CPU = Release|Any CPU
	EndGlobalSection
	GlobalSection(ProjectConfigurationPlatforms) = postSolution
		{8F09EBE5-4A45-4A69-854B-86950219C6C5}.Debug|Any CPU.ActiveCfg = Debug|Any CPU
		{8F09EBE5-4A45-4A69-854B-86950219C6C5}.Debug|Any CPU.Build.0 = Debug|Any CPU
		{8F09EBE5-4A45-4A69-854B-86950219C6C5}.Release|Any CPU.ActiveCfg = Release|Any CPU
		{8F09EBE5-4A45-4A69-854B-86950219C6C5}.Release|Any CPU.Build.0 = Release|Any CPU
	EndGlobalSection
	GlobalSection(SolutionProperties) = preSolution
		HideSolutionNode = FALSE
	EndGlobalSection
	GlobalSection(ExtensibilityGlobals) = postSolution
		SolutionGuid = {9DB3A562-40E1-4D7F-B93E-A19C8B55A1A3}
	EndGlobalSection
EndGlobal
